
Microsoft Visual Studio Solution File, Format Version 12.00
# Visual Studio Version 17
VisualStudioVersion = 17.11.35222.181
MinimumVisualStudioVersion = 10.0.40219.1
Project("{FAE04EC0-301F-11D3-BF4B-00C04F79EFBC}") = "StockAnalyzer", "StockAnalyzer\StockAnalyzer.csproj", "{795B90D8-4B41-42FD-A0EA-AF5CCC359A74}"
EndProject
Global
	GlobalSection(SolutionConfigurationPlatforms) = preSolution
		Debug|Any CPU = Debug|Any CPU
		Release|Any CPU = Release|Any CPU
	EndGlobalSection
	GlobalSection(ProjectConfigurationPlatforms) = postSolution
		{795B90D8-4B41-42FD-A0EA-AF5CCC359A74}.Debug|Any CPU.ActiveCfg = Debug|Any CPU
		{795B90D8-4B41-42FD-A0EA-AF5CCC359A74}.Debug|Any CPU.Build.0 = Debug|Any CPU
		{795B90D8-4B41-42FD-A0EA-AF5CCC359A74}.Release|Any CPU.ActiveCfg = Release|Any CPU
		{795B90D8-4B41-42FD-A0EA-AF5CCC359A74}.Release|Any CPU.Build.0 = Release|Any CPU
	EndGlobalSection
	GlobalSection(SolutionProperties) = preSolution
		HideSolutionNode = FALSE
	EndGlobalSection
	GlobalSection(ExtensibilityGlobals) = postSolution
		SolutionGuid = {82AF6286-5F24-4922-ACA5-8050D1EE9347}
	EndGlobalSection
EndGlobal
