
Microsoft Visual Studio Solution File, Format Version 12.00
# Visual Studio Version 17
VisualStudioVersion = 17.11.35222.181
MinimumVisualStudioVersion = 10.0.40219.1
Project("{FAE04EC0-301F-11D3-BF4B-00C04F79EFBC}") = "Laba9", "Laba9\Laba9.csproj", "{24E3CE1A-58C0-4CE5-94FB-69302D8366FA}"
EndProject
Global
	GlobalSection(SolutionConfigurationPlatforms) = preSolution
		Debug|Any CPU = Debug|Any CPU
		Release|Any CPU = Release|Any CPU
	EndGlobalSection
	GlobalSection(ProjectConfigurationPlatforms) = postSolution
		{24E3CE1A-58C0-4CE5-94FB-69302D8366FA}.Debug|Any CPU.ActiveCfg = Debug|Any CPU
		{24E3CE1A-58C0-4CE5-94FB-69302D8366FA}.Debug|Any CPU.Build.0 = Debug|Any CPU
		{24E3CE1A-58C0-4CE5-94FB-69302D8366FA}.Release|Any CPU.ActiveCfg = Release|Any CPU
		{24E3CE1A-58C0-4CE5-94FB-69302D8366FA}.Release|Any CPU.Build.0 = Release|Any CPU
	EndGlobalSection
	GlobalSection(SolutionProperties) = preSolution
		HideSolutionNode = FALSE
	EndGlobalSection
	GlobalSection(ExtensibilityGlobals) = postSolution
		SolutionGuid = {DC4BB018-C4EB-4D03-BA99-1C71D33E33CD}
	EndGlobalSection
EndGlobal
